{
    "version": 3,
    "terraform_version": "0.11.2",
    "serial": 9,
    "lineage": "9d6f86ef-564e-4feb-9b54-812762ff873f",
    "modules": [
        {
            "path": [
                "root"
            ],
            "outputs": {},
            "resources": {
                "aws_instance.app.0": {
                    "type": "aws_instance",
                    "depends_on": [
                        "aws_security_group.app",
                        "aws_security_group.icmp",
                        "aws_security_group.ssh"
                    ],
                    "primary": {
                        "id": "i-02231a102f12473e7",
                        "attributes": {
                            "ami": "ami-97785bed",
                            "associate_public_ip_address": "true",
                            "availability_zone": "us-east-1b",
                            "disable_api_termination": "false",
                            "ebs_block_device.#": "0",
                            "ebs_optimized": "false",
                            "ephemeral_block_device.#": "0",
                            "iam_instance_profile": "",
                            "id": "i-02231a102f12473e7",
                            "instance_state": "running",
                            "instance_type": "t1.micro",
                            "ipv6_addresses.#": "0",
                            "key_name": "bmetcalf",
                            "monitoring": "false",
                            "network_interface.#": "0",
                            "network_interface_id": "eni-d820fa04",
                            "placement_group": "",
                            "primary_network_interface_id": "eni-d820fa04",
                            "private_dns": "ip-172-31-40-247.ec2.internal",
                            "private_ip": "172.31.40.247",
                            "public_dns": "ec2-54-164-181-175.compute-1.amazonaws.com",
                            "public_ip": "54.164.181.175",
                            "root_block_device.#": "1",
                            "root_block_device.0.delete_on_termination": "true",
                            "root_block_device.0.iops": "100",
                            "root_block_device.0.volume_id": "vol-0a16c49378162fb51",
                            "root_block_device.0.volume_size": "8",
                            "root_block_device.0.volume_type": "gp2",
                            "security_groups.#": "3",
                            "security_groups.2913826362": "icmp",
                            "security_groups.3379458255": "app",
                            "security_groups.4002270276": "ssh",
                            "source_dest_check": "true",
                            "subnet_id": "subnet-4845de15",
                            "tags.%": "1",
                            "tags.Name": "alegion_app_server",
                            "tenancy": "default",
                            "volume_tags.%": "0",
                            "vpc_security_group_ids.#": "0"
                        },
                        "meta": {
                            "e2bfb730-ecaa-11e6-8f88-34363bc7c4c0": {
                                "create": 600000000000,
                                "delete": 600000000000,
                                "update": 600000000000
                            },
                            "schema_version": "1"
                        },
                        "tainted": false
                    },
                    "deposed": [],
                    "provider": "provider.aws"
                },
                "aws_instance.app.1": {
                    "type": "aws_instance",
                    "depends_on": [
                        "aws_security_group.app",
                        "aws_security_group.icmp",
                        "aws_security_group.ssh"
                    ],
                    "primary": {
                        "id": "i-024c9da662cee5e81",
                        "attributes": {
                            "ami": "ami-97785bed",
                            "associate_public_ip_address": "true",
                            "availability_zone": "us-east-1b",
                            "disable_api_termination": "false",
                            "ebs_block_device.#": "0",
                            "ebs_optimized": "false",
                            "ephemeral_block_device.#": "0",
                            "iam_instance_profile": "",
                            "id": "i-024c9da662cee5e81",
                            "instance_state": "running",
                            "instance_type": "t1.micro",
                            "ipv6_addresses.#": "0",
                            "key_name": "bmetcalf",
                            "monitoring": "false",
                            "network_interface.#": "0",
                            "network_interface_id": "eni-c125ff1d",
                            "placement_group": "",
                            "primary_network_interface_id": "eni-c125ff1d",
                            "private_dns": "ip-172-31-34-191.ec2.internal",
                            "private_ip": "172.31.34.191",
                            "public_dns": "ec2-52-55-56-47.compute-1.amazonaws.com",
                            "public_ip": "52.55.56.47",
                            "root_block_device.#": "1",
                            "root_block_device.0.delete_on_termination": "true",
                            "root_block_device.0.iops": "100",
                            "root_block_device.0.volume_id": "vol-03d22330512d1f6aa",
                            "root_block_device.0.volume_size": "8",
                            "root_block_device.0.volume_type": "gp2",
                            "security_groups.#": "3",
                            "security_groups.2913826362": "icmp",
                            "security_groups.3379458255": "app",
                            "security_groups.4002270276": "ssh",
                            "source_dest_check": "true",
                            "subnet_id": "subnet-4845de15",
                            "tags.%": "1",
                            "tags.Name": "alegion_app_server",
                            "tenancy": "default",
                            "volume_tags.%": "0",
                            "vpc_security_group_ids.#": "0"
                        },
                        "meta": {
                            "e2bfb730-ecaa-11e6-8f88-34363bc7c4c0": {
                                "create": 600000000000,
                                "delete": 600000000000,
                                "update": 600000000000
                            },
                            "schema_version": "1"
                        },
                        "tainted": false
                    },
                    "deposed": [],
                    "provider": "provider.aws"
                },
                "aws_instance.haproxy": {
                    "type": "aws_instance",
                    "depends_on": [
                        "aws_security_group.haproxy",
                        "aws_security_group.icmp",
                        "aws_security_group.ssh"
                    ],
                    "primary": {
                        "id": "i-0bf6c0eaf19a52466",
                        "attributes": {
                            "ami": "ami-97785bed",
                            "associate_public_ip_address": "true",
                            "availability_zone": "us-east-1b",
                            "disable_api_termination": "false",
                            "ebs_block_device.#": "0",
                            "ebs_optimized": "false",
                            "ephemeral_block_device.#": "0",
                            "iam_instance_profile": "",
                            "id": "i-0bf6c0eaf19a52466",
                            "instance_state": "running",
                            "instance_type": "t1.micro",
                            "ipv6_addresses.#": "0",
                            "key_name": "bmetcalf",
                            "monitoring": "false",
                            "network_interface.#": "0",
                            "network_interface_id": "eni-6e26fcb2",
                            "placement_group": "",
                            "primary_network_interface_id": "eni-6e26fcb2",
                            "private_dns": "ip-172-31-43-254.ec2.internal",
                            "private_ip": "172.31.43.254",
                            "public_dns": "ec2-52-207-223-69.compute-1.amazonaws.com",
                            "public_ip": "52.207.223.69",
                            "root_block_device.#": "1",
                            "root_block_device.0.delete_on_termination": "true",
                            "root_block_device.0.iops": "100",
                            "root_block_device.0.volume_id": "vol-04e991ec003964dda",
                            "root_block_device.0.volume_size": "8",
                            "root_block_device.0.volume_type": "gp2",
                            "security_groups.#": "3",
                            "security_groups.1405960096": "haproxy",
                            "security_groups.2913826362": "icmp",
                            "security_groups.4002270276": "ssh",
                            "source_dest_check": "true",
                            "subnet_id": "subnet-4845de15",
                            "tags.%": "1",
                            "tags.Name": "alegion_haproxy_server",
                            "tenancy": "default",
                            "volume_tags.%": "0",
                            "vpc_security_group_ids.#": "0"
                        },
                        "meta": {
                            "e2bfb730-ecaa-11e6-8f88-34363bc7c4c0": {
                                "create": 600000000000,
                                "delete": 600000000000,
                                "update": 600000000000
                            },
                            "schema_version": "1"
                        },
                        "tainted": false
                    },
                    "deposed": [],
                    "provider": "provider.aws"
                },
                "aws_security_group.app": {
                    "type": "aws_security_group",
                    "depends_on": [],
                    "primary": {
                        "id": "sg-216b4255",
                        "attributes": {
                            "description": "APP Security Group",
                            "egress.#": "0",
                            "id": "sg-216b4255",
                            "ingress.#": "1",
                            "ingress.516175195.cidr_blocks.#": "1",
                            "ingress.516175195.cidr_blocks.0": "0.0.0.0/0",
                            "ingress.516175195.description": "",
                            "ingress.516175195.from_port": "8080",
                            "ingress.516175195.ipv6_cidr_blocks.#": "0",
                            "ingress.516175195.protocol": "tcp",
                            "ingress.516175195.security_groups.#": "0",
                            "ingress.516175195.self": "false",
                            "ingress.516175195.to_port": "8080",
                            "name": "app",
                            "owner_id": "575825720544",
                            "revoke_rules_on_delete": "false",
                            "tags.%": "0",
                            "vpc_id": "vpc-a0fcfcd8"
                        },
                        "meta": {
                            "schema_version": "1"
                        },
                        "tainted": false
                    },
                    "deposed": [],
                    "provider": "provider.aws"
                },
                "aws_security_group.haproxy": {
                    "type": "aws_security_group",
                    "depends_on": [],
                    "primary": {
                        "id": "sg-6861481c",
                        "attributes": {
                            "description": "HAProxy Security Group",
                            "egress.#": "0",
                            "id": "sg-6861481c",
                            "ingress.#": "1",
                            "ingress.2214680975.cidr_blocks.#": "1",
                            "ingress.2214680975.cidr_blocks.0": "0.0.0.0/0",
                            "ingress.2214680975.description": "",
                            "ingress.2214680975.from_port": "80",
                            "ingress.2214680975.ipv6_cidr_blocks.#": "0",
                            "ingress.2214680975.protocol": "tcp",
                            "ingress.2214680975.security_groups.#": "0",
                            "ingress.2214680975.self": "false",
                            "ingress.2214680975.to_port": "80",
                            "name": "haproxy",
                            "owner_id": "575825720544",
                            "revoke_rules_on_delete": "false",
                            "tags.%": "0",
                            "vpc_id": "vpc-a0fcfcd8"
                        },
                        "meta": {
                            "schema_version": "1"
                        },
                        "tainted": false
                    },
                    "deposed": [],
                    "provider": "provider.aws"
                },
                "aws_security_group.icmp": {
                    "type": "aws_security_group",
                    "depends_on": [],
                    "primary": {
                        "id": "sg-5b664f2f",
                        "attributes": {
                            "description": "Ping Security Group",
                            "egress.#": "0",
                            "id": "sg-5b664f2f",
                            "ingress.#": "1",
                            "ingress.3068409405.cidr_blocks.#": "1",
                            "ingress.3068409405.cidr_blocks.0": "0.0.0.0/0",
                            "ingress.3068409405.description": "",
                            "ingress.3068409405.from_port": "8",
                            "ingress.3068409405.ipv6_cidr_blocks.#": "0",
                            "ingress.3068409405.protocol": "icmp",
                            "ingress.3068409405.security_groups.#": "0",
                            "ingress.3068409405.self": "false",
                            "ingress.3068409405.to_port": "0",
                            "name": "icmp",
                            "owner_id": "575825720544",
                            "revoke_rules_on_delete": "false",
                            "tags.%": "0",
                            "vpc_id": "vpc-a0fcfcd8"
                        },
                        "meta": {
                            "schema_version": "1"
                        },
                        "tainted": false
                    },
                    "deposed": [],
                    "provider": "provider.aws"
                },
                "aws_security_group.ssh": {
                    "type": "aws_security_group",
                    "depends_on": [],
                    "primary": {
                        "id": "sg-9d6148e9",
                        "attributes": {
                            "description": "SSH Security Group",
                            "egress.#": "0",
                            "id": "sg-9d6148e9",
                            "ingress.#": "1",
                            "ingress.2541437006.cidr_blocks.#": "1",
                            "ingress.2541437006.cidr_blocks.0": "0.0.0.0/0",
                            "ingress.2541437006.description": "",
                            "ingress.2541437006.from_port": "22",
                            "ingress.2541437006.ipv6_cidr_blocks.#": "0",
                            "ingress.2541437006.protocol": "tcp",
                            "ingress.2541437006.security_groups.#": "0",
                            "ingress.2541437006.self": "false",
                            "ingress.2541437006.to_port": "22",
                            "name": "ssh",
                            "owner_id": "575825720544",
                            "revoke_rules_on_delete": "false",
                            "tags.%": "0",
                            "vpc_id": "vpc-a0fcfcd8"
                        },
                        "meta": {
                            "schema_version": "1"
                        },
                        "tainted": false
                    },
                    "deposed": [],
                    "provider": "provider.aws"
                }
            },
            "depends_on": []
        }
    ]
}
